<?xml version="1.0" encoding="utf-8"?>
<Project ToolsVersion="4.0" xmlns="http://schemas.microsoft.com/developer/msbuild/2003">
  <ItemGroup>
    <Filter Include="eval">
      <UniqueIdentifier>{c9efa6ae-1ca4-4783-a3f5-628de0091697}</UniqueIdentifier>
    </Filter>
    <Filter Include="dataset">
      <UniqueIdentifier>{3e7ab5a3-dd3f-4527-b897-399b44532912}</UniqueIdentifier>
    </Filter>
    <Filter Include="tools">
      <UniqueIdentifier>{f98b9fce-d388-4739-af71-4ec486596904}</UniqueIdentifier>
    </Filter>
    <Filter Include="dataset\node">
      <UniqueIdentifier>{4f4d9280-d661-47f7-9cb0-ee382f009316}</UniqueIdentifier>
    </Filter>
    <Filter Include="dataset\var">
      <UniqueIdentifier>{911b9438-3a34-4389-ba44-dc1380f79231}</UniqueIdentifier>
    </Filter>
    <Filter Include="nodes">
      <UniqueIdentifier>{82db651b-5dc2-4db2-bf15-0f0cd6cd565c}</UniqueIdentifier>
    </Filter>
    <Filter Include="nodes\math">
      <UniqueIdentifier>{c0e95fdc-c7e8-4878-88be-3cfbba8c20a3}</UniqueIdentifier>
    </Filter>
    <Filter Include="nodes\math\basic">
      <UniqueIdentifier>{fca8c618-03d8-44a9-a526-4e50d5376611}</UniqueIdentifier>
    </Filter>
    <Filter Include="nodes\math\range">
      <UniqueIdentifier>{4f61359b-a267-4c28-8ad1-87d7442e1ce7}</UniqueIdentifier>
    </Filter>
    <Filter Include="nodes\input">
      <UniqueIdentifier>{fa91c5a2-e90f-4cd6-afeb-8166f37a8786}</UniqueIdentifier>
    </Filter>
    <Filter Include="nodes\input\basic">
      <UniqueIdentifier>{40753e26-a8c4-4b5b-b762-3430ce80a307}</UniqueIdentifier>
    </Filter>
    <Filter Include="nodes\input\geometry">
      <UniqueIdentifier>{78bb7d00-bd5f-4b65-9be4-93b9c740cf4f}</UniqueIdentifier>
    </Filter>
    <Filter Include="nodes\master">
      <UniqueIdentifier>{59554a13-fbaf-45c7-ba51-a0b3ca5c0b8e}</UniqueIdentifier>
    </Filter>
    <Filter Include="nodes\input\texture">
      <UniqueIdentifier>{7a51daa0-864b-4671-97d8-a3b826a0278f}</UniqueIdentifier>
    </Filter>
    <Filter Include="nodes\artistic">
      <UniqueIdentifier>{c6dd2288-db00-4ca3-a59f-b414516a6be9}</UniqueIdentifier>
    </Filter>
    <Filter Include="nodes\artistic\filter">
      <UniqueIdentifier>{fc6b2e73-e2f0-442e-a846-7844ae208e43}</UniqueIdentifier>
    </Filter>
    <Filter Include="nodes\artistic\blend">
      <UniqueIdentifier>{e8d6b412-ff24-4cc8-abe1-3a76002fe5c4}</UniqueIdentifier>
    </Filter>
    <Filter Include="nodes\utility">
      <UniqueIdentifier>{e9ab490d-04d4-4bee-ad03-4564108d3c46}</UniqueIdentifier>
    </Filter>
    <Filter Include="nodes\utility\vert">
      <UniqueIdentifier>{1d0da396-e3c4-416b-9401-dec042c54869}</UniqueIdentifier>
    </Filter>
    <Filter Include="nodes\utility\value">
      <UniqueIdentifier>{b3839221-5f10-448f-a1b0-ae88d0a241c7}</UniqueIdentifier>
    </Filter>
    <Filter Include="nodes\utility\shader">
      <UniqueIdentifier>{8d3d2ad8-c683-41f8-9189-885f5199bebb}</UniqueIdentifier>
    </Filter>
    <Filter Include="nodes\math\interplation">
      <UniqueIdentifier>{380ce50d-93f3-4661-8592-819b7921a3de}</UniqueIdentifier>
    </Filter>
    <Filter Include="nodes\uv">
      <UniqueIdentifier>{1d8212da-65b1-48fb-8b15-0fc2e875dcca}</UniqueIdentifier>
    </Filter>
    <Filter Include="nodes\procedural">
      <UniqueIdentifier>{78aa4342-7239-4b45-a24a-36b1596a0c48}</UniqueIdentifier>
    </Filter>
    <Filter Include="nodes\artistic\trans">
      <UniqueIdentifier>{64f617a0-f80e-4496-b625-345236e7380e}</UniqueIdentifier>
    </Filter>
    <Filter Include="nodes\artistic\adjustment">
      <UniqueIdentifier>{cd65fea3-8e0e-4a21-8196-8a698348744d}</UniqueIdentifier>
    </Filter>
    <Filter Include="nodes\artistic\mask">
      <UniqueIdentifier>{b08d702f-1d67-491c-894f-3c55f5933128}</UniqueIdentifier>
    </Filter>
    <Filter Include="nodes\math\advanced">
      <UniqueIdentifier>{7c916244-7e70-4f94-8e6b-581c17b937b6}</UniqueIdentifier>
    </Filter>
    <Filter Include="nodes\channel">
      <UniqueIdentifier>{b588d751-43ef-4a67-994f-118216ecb761}</UniqueIdentifier>
    </Filter>
    <Filter Include="nodes\utility\logic">
      <UniqueIdentifier>{052481df-2ac5-465c-ba6c-a52c50f2df07}</UniqueIdentifier>
    </Filter>
    <Filter Include="nodes\math\derivative">
      <UniqueIdentifier>{5bc4dc11-571e-4bd2-b31e-f7180fa47a38}</UniqueIdentifier>
    </Filter>
    <Filter Include="nodes\math\matrix">
      <UniqueIdentifier>{8a4d15cc-cfcc-4190-9be3-592a4cc69b1a}</UniqueIdentifier>
    </Filter>
    <Filter Include="nodes\input\matrix">
      <UniqueIdentifier>{e2d740ed-dcbf-422a-a056-8c0ca3b529b6}</UniqueIdentifier>
    </Filter>
    <Filter Include="nodes\math\round">
      <UniqueIdentifier>{7fb1ec64-5d6a-4cdc-9507-7cec2f65c877}</UniqueIdentifier>
    </Filter>
    <Filter Include="nodes\math\trigonometry">
      <UniqueIdentifier>{28da4c68-3a7b-48aa-94cb-e5f5c68ad864}</UniqueIdentifier>
    </Filter>
    <Filter Include="nodes\math\vector">
      <UniqueIdentifier>{5677dd80-4419-4398-a7ca-41895c5d71f0}</UniqueIdentifier>
    </Filter>
    <Filter Include="nodes\artistic\normal">
      <UniqueIdentifier>{477d9f35-c90f-4b34-992e-5351cf6eda52}</UniqueIdentifier>
    </Filter>
    <Filter Include="nodes\artistic\utility">
      <UniqueIdentifier>{26bc9a77-3ad1-48d2-9c62-0536c76c2203}</UniqueIdentifier>
    </Filter>
    <Filter Include="nodes\sdf">
      <UniqueIdentifier>{e177f2c5-151f-4f44-9b10-c567dc507ab5}</UniqueIdentifier>
    </Filter>
    <Filter Include="nodes\sdf\primitive">
      <UniqueIdentifier>{0d24dcee-5379-4089-9c68-7c1c7fcb73c4}</UniqueIdentifier>
    </Filter>
    <Filter Include="nodes\sdf\render">
      <UniqueIdentifier>{63f8b390-e391-4ed7-94be-0929e6a24c31}</UniqueIdentifier>
    </Filter>
    <Filter Include="nodes\sdf\operator">
      <UniqueIdentifier>{d8926860-7921-446c-ac6f-997b24db3cf1}</UniqueIdentifier>
    </Filter>
    <Filter Include="nodes\sdf\utility">
      <UniqueIdentifier>{44b641db-bea1-4a67-928c-f035fdfe2850}</UniqueIdentifier>
    </Filter>
    <Filter Include="nodes\tools">
      <UniqueIdentifier>{e5a3a50c-9fde-4f6f-ab43-7bb48f6c48e1}</UniqueIdentifier>
    </Filter>
  </ItemGroup>
  <ItemGroup>
    <ClInclude Include="..\..\..\include\shaderweaver\node\Uniform.h">
      <Filter>nodes\utility\value</Filter>
    </ClInclude>
    <ClInclude Include="..\..\..\include\shaderweaver\node\Input.h">
      <Filter>nodes\utility\value</Filter>
    </ClInclude>
    <ClInclude Include="..\..\..\include\shaderweaver\node\Output.h">
      <Filter>nodes\utility\value</Filter>
    </ClInclude>
    <ClInclude Include="..\..\..\include\shaderweaver\ShaderType.h">
      <Filter>dataset</Filter>
    </ClInclude>
    <ClInclude Include="..\..\..\include\shaderweaver\typedef.h">
      <Filter>tools</Filter>
    </ClInclude>
    <ClInclude Include="..\..\..\include\shaderweaver\predef.h">
      <Filter>tools</Filter>
    </ClInclude>
    <ClInclude Include="..\..\..\include\shaderweaver\node\Gray.h">
      <Filter>nodes\artistic\filter</Filter>
    </ClInclude>
    <ClInclude Include="..\..\..\include\shaderweaver\node\Phong.h">
      <Filter>nodes\master</Filter>
    </ClInclude>
    <ClInclude Include="..\..\..\include\shaderweaver\node\VertexShader.h">
      <Filter>nodes\utility\shader</Filter>
    </ClInclude>
    <ClInclude Include="..\..\..\include\shaderweaver\node\FragmentShader.h">
      <Filter>nodes\utility\shader</Filter>
    </ClInclude>
    <ClInclude Include="..\..\..\include\shaderweaver\Node.h">
      <Filter>dataset\node</Filter>
    </ClInclude>
    <ClInclude Include="..\..\..\include\shaderweaver\NodeHelper.h">
      <Filter>dataset\node</Filter>
    </ClInclude>
    <ClInclude Include="..\..\..\include\shaderweaver\NodeIDMgr.h">
      <Filter>dataset\node</Filter>
    </ClInclude>
    <ClInclude Include="..\..\..\include\shaderweaver\Variable.h">
      <Filter>dataset\var</Filter>
    </ClInclude>
    <ClInclude Include="..\..\..\include\shaderweaver\VariableType.h">
      <Filter>dataset\var</Filter>
    </ClInclude>
    <ClInclude Include="..\..\..\include\shaderweaver\node\Add.h">
      <Filter>nodes\math\basic</Filter>
    </ClInclude>
    <ClInclude Include="..\..\..\include\shaderweaver\node\Divide.h">
      <Filter>nodes\math\basic</Filter>
    </ClInclude>
    <ClInclude Include="..\..\..\include\shaderweaver\node\Multiply.h">
      <Filter>nodes\math\basic</Filter>
    </ClInclude>
    <ClInclude Include="..\..\..\include\shaderweaver\node\Subtract.h">
      <Filter>nodes\math\basic</Filter>
    </ClInclude>
    <ClInclude Include="..\..\..\include\shaderweaver\node\InverseLerp.h">
      <Filter>nodes\math\interplation</Filter>
    </ClInclude>
    <ClInclude Include="..\..\..\include\shaderweaver\node\Lerp.h">
      <Filter>nodes\math\interplation</Filter>
    </ClInclude>
    <ClInclude Include="..\..\..\include\shaderweaver\node\NormalTrans.h">
      <Filter>nodes\utility\vert</Filter>
    </ClInclude>
    <ClInclude Include="..\..\..\include\shaderweaver\node\FragPosTrans.h">
      <Filter>nodes\utility\vert</Filter>
    </ClInclude>
    <ClInclude Include="..\..\..\include\shaderweaver\node\PositionTrans.h">
      <Filter>nodes\utility\vert</Filter>
    </ClInclude>
    <ClInclude Include="..\..\..\include\shaderweaver\node\PositionTransOld.h">
      <Filter>nodes\utility\vert</Filter>
    </ClInclude>
    <ClInclude Include="..\..\..\include\shaderweaver\node\Remap.h">
      <Filter>nodes\math\range</Filter>
    </ClInclude>
    <ClInclude Include="..\..\..\include\shaderweaver\node\Time.h">
      <Filter>nodes\input\basic</Filter>
    </ClInclude>
    <ClInclude Include="..\..\..\include\shaderweaver\node\Vector1.h">
      <Filter>nodes\input\basic</Filter>
    </ClInclude>
    <ClInclude Include="..\..\..\include\shaderweaver\node\Vector2.h">
      <Filter>nodes\input\basic</Filter>
    </ClInclude>
    <ClInclude Include="..\..\..\include\shaderweaver\node\Vector3.h">
      <Filter>nodes\input\basic</Filter>
    </ClInclude>
    <ClInclude Include="..\..\..\include\shaderweaver\node\Vector4.h">
      <Filter>nodes\input\basic</Filter>
    </ClInclude>
    <ClInclude Include="..\..\..\include\shaderweaver\node\UV.h">
      <Filter>nodes\input\geometry</Filter>
    </ClInclude>
    <ClInclude Include="..\..\..\include\shaderweaver\node\SampleTex2D.h">
      <Filter>nodes\input\texture</Filter>
    </ClInclude>
    <ClInclude Include="..\..\..\include\shaderweaver\node\Blend.h">
      <Filter>nodes\artistic\blend</Filter>
    </ClInclude>
    <ClInclude Include="..\..\..\include\shaderweaver\node\Rotate.h">
      <Filter>nodes\uv</Filter>
    </ClInclude>
    <ClInclude Include="..\..\..\include\shaderweaver\node\Twirl.h">
      <Filter>nodes\uv</Filter>
    </ClInclude>
    <ClInclude Include="..\..\..\include\shaderweaver\node\SimpleNoise.h">
      <Filter>nodes\procedural</Filter>
    </ClInclude>
    <ClInclude Include="..\..\..\include\shaderweaver\node\Polygon.h">
      <Filter>nodes\procedural</Filter>
    </ClInclude>
    <ClInclude Include="..\..\..\include\shaderweaver\node\Voronoi.h">
      <Filter>nodes\procedural</Filter>
    </ClInclude>
    <ClInclude Include="..\..\..\include\shaderweaver\node\Checkerboard.h">
      <Filter>nodes\procedural</Filter>
    </ClInclude>
    <ClInclude Include="..\..\..\include\shaderweaver\node\GradientNoise.h">
      <Filter>nodes\procedural</Filter>
    </ClInclude>
    <ClInclude Include="..\..\..\include\shaderweaver\node\Ellipse.h">
      <Filter>nodes\procedural</Filter>
    </ClInclude>
    <ClInclude Include="..\..\..\include\shaderweaver\node\Rectangle.h">
      <Filter>nodes\procedural</Filter>
    </ClInclude>
    <ClInclude Include="..\..\..\include\shaderweaver\node\RoundedRectangle.h">
      <Filter>nodes\procedural</Filter>
    </ClInclude>
    <ClInclude Include="..\..\..\include\shaderweaver\node\ColorAddMul.h">
      <Filter>nodes\artistic\trans</Filter>
    </ClInclude>
    <ClInclude Include="..\..\..\include\shaderweaver\node\ColorMap.h">
      <Filter>nodes\artistic\trans</Filter>
    </ClInclude>
    <ClInclude Include="..\..\..\include\shaderweaver\node\ReplaceColor.h">
      <Filter>nodes\artistic\adjustment</Filter>
    </ClInclude>
    <ClInclude Include="..\..\..\include\shaderweaver\node\ColorMask.h">
      <Filter>nodes\artistic\mask</Filter>
    </ClInclude>
    <ClInclude Include="..\..\..\include\shaderweaver\node\ChannelMask.h">
      <Filter>nodes\artistic\mask</Filter>
    </ClInclude>
    <ClInclude Include="..\..\..\include\shaderweaver\node\Power.h">
      <Filter>nodes\math\basic</Filter>
    </ClInclude>
    <ClInclude Include="..\..\..\include\shaderweaver\node\SquareRoot.h">
      <Filter>nodes\math\basic</Filter>
    </ClInclude>
    <ClInclude Include="..\..\..\include\shaderweaver\node\Absolute.h">
      <Filter>nodes\math\advanced</Filter>
    </ClInclude>
    <ClInclude Include="..\..\..\include\shaderweaver\node\Exponential.h">
      <Filter>nodes\math\advanced</Filter>
    </ClInclude>
    <ClInclude Include="..\..\..\include\shaderweaver\node\Length.h">
      <Filter>nodes\math\advanced</Filter>
    </ClInclude>
    <ClInclude Include="..\..\..\include\shaderweaver\node\Log.h">
      <Filter>nodes\math\advanced</Filter>
    </ClInclude>
    <ClInclude Include="..\..\..\include\shaderweaver\node\Modulo.h">
      <Filter>nodes\math\advanced</Filter>
    </ClInclude>
    <ClInclude Include="..\..\..\include\shaderweaver\node\Negate.h">
      <Filter>nodes\math\advanced</Filter>
    </ClInclude>
    <ClInclude Include="..\..\..\include\shaderweaver\node\Normalize.h">
      <Filter>nodes\math\advanced</Filter>
    </ClInclude>
    <ClInclude Include="..\..\..\include\shaderweaver\node\Posterize.h">
      <Filter>nodes\math\advanced</Filter>
    </ClInclude>
    <ClInclude Include="..\..\..\include\shaderweaver\node\Reciprocal.h">
      <Filter>nodes\math\advanced</Filter>
    </ClInclude>
    <ClInclude Include="..\..\..\include\shaderweaver\node\ReciprocalSquareRoot.h">
      <Filter>nodes\math\advanced</Filter>
    </ClInclude>
    <ClInclude Include="..\..\..\include\shaderweaver\node\Smoothstep.h">
      <Filter>nodes\math\interplation</Filter>
    </ClInclude>
    <ClInclude Include="..\..\..\include\shaderweaver\node\Combine.h">
      <Filter>nodes\channel</Filter>
    </ClInclude>
    <ClInclude Include="..\..\..\include\shaderweaver\node\Flip.h">
      <Filter>nodes\channel</Filter>
    </ClInclude>
    <ClInclude Include="..\..\..\include\shaderweaver\node\Split.h">
      <Filter>nodes\channel</Filter>
    </ClInclude>
    <ClInclude Include="..\..\..\include\shaderweaver\node\Swizzle.h">
      <Filter>nodes\channel</Filter>
    </ClInclude>
    <ClInclude Include="..\..\..\include\shaderweaver\node\Assign.h">
      <Filter>nodes\math\basic</Filter>
    </ClInclude>
    <ClInclude Include="..\..\..\include\shaderweaver\node\And.h">
      <Filter>nodes\utility\logic</Filter>
    </ClInclude>
    <ClInclude Include="..\..\..\include\shaderweaver\node\Or.h">
      <Filter>nodes\utility\logic</Filter>
    </ClInclude>
    <ClInclude Include="..\..\..\include\shaderweaver\node\Not.h">
      <Filter>nodes\utility\logic</Filter>
    </ClInclude>
    <ClInclude Include="..\..\..\include\shaderweaver\node\Boolean.h">
      <Filter>nodes\input\basic</Filter>
    </ClInclude>
    <ClInclude Include="..\..\..\include\shaderweaver\node\Branch.h">
      <Filter>nodes\utility\logic</Filter>
    </ClInclude>
    <ClInclude Include="..\..\..\include\shaderweaver\node\Comparison.h">
      <Filter>nodes\utility\logic</Filter>
    </ClInclude>
    <ClInclude Include="..\..\..\include\shaderweaver\node\Flipbook.h">
      <Filter>nodes\uv</Filter>
    </ClInclude>
    <ClInclude Include="..\..\..\include\shaderweaver\node\PolarCoordinates.h">
      <Filter>nodes\uv</Filter>
    </ClInclude>
    <ClInclude Include="..\..\..\include\shaderweaver\node\RadialShear.h">
      <Filter>nodes\uv</Filter>
    </ClInclude>
    <ClInclude Include="..\..\..\include\shaderweaver\node\Spherize.h">
      <Filter>nodes\uv</Filter>
    </ClInclude>
    <ClInclude Include="..\..\..\include\shaderweaver\node\TilingAndOffset.h">
      <Filter>nodes\uv</Filter>
    </ClInclude>
    <ClInclude Include="..\..\..\include\shaderweaver\node\DDX.h">
      <Filter>nodes\math\derivative</Filter>
    </ClInclude>
    <ClInclude Include="..\..\..\include\shaderweaver\node\DDY.h">
      <Filter>nodes\math\derivative</Filter>
    </ClInclude>
    <ClInclude Include="..\..\..\include\shaderweaver\node\DDXY.h">
      <Filter>nodes\math\derivative</Filter>
    </ClInclude>
    <ClInclude Include="..\..\..\include\shaderweaver\node\MatrixConstruction.h">
      <Filter>nodes\math\matrix</Filter>
    </ClInclude>
    <ClInclude Include="..\..\..\include\shaderweaver\node\MatrixDeterminant.h">
      <Filter>nodes\math\matrix</Filter>
    </ClInclude>
    <ClInclude Include="..\..\..\include\shaderweaver\node\MatrixSplit.h">
      <Filter>nodes\math\matrix</Filter>
    </ClInclude>
    <ClInclude Include="..\..\..\include\shaderweaver\node\MatrixTranspose.h">
      <Filter>nodes\math\matrix</Filter>
    </ClInclude>
    <ClInclude Include="..\..\..\include\shaderweaver\node\Matrix2.h">
      <Filter>nodes\input\matrix</Filter>
    </ClInclude>
    <ClInclude Include="..\..\..\include\shaderweaver\node\Matrix3.h">
      <Filter>nodes\input\matrix</Filter>
    </ClInclude>
    <ClInclude Include="..\..\..\include\shaderweaver\node\Matrix4.h">
      <Filter>nodes\input\matrix</Filter>
    </ClInclude>
    <ClInclude Include="..\..\..\include\shaderweaver\node\Clamp.h">
      <Filter>nodes\math\range</Filter>
    </ClInclude>
    <ClInclude Include="..\..\..\include\shaderweaver\node\Fraction.h">
      <Filter>nodes\math\range</Filter>
    </ClInclude>
    <ClInclude Include="..\..\..\include\shaderweaver\node\Maximum.h">
      <Filter>nodes\math\range</Filter>
    </ClInclude>
    <ClInclude Include="..\..\..\include\shaderweaver\node\Minimum.h">
      <Filter>nodes\math\range</Filter>
    </ClInclude>
    <ClInclude Include="..\..\..\include\shaderweaver\node\OneMinus.h">
      <Filter>nodes\math\range</Filter>
    </ClInclude>
    <ClInclude Include="..\..\..\include\shaderweaver\node\RandomRange.h">
      <Filter>nodes\math\range</Filter>
    </ClInclude>
    <ClInclude Include="..\..\..\include\shaderweaver\node\Saturate.h">
      <Filter>nodes\math\range</Filter>
    </ClInclude>
    <ClInclude Include="..\..\..\include\shaderweaver\node\Ceiling.h">
      <Filter>nodes\math\round</Filter>
    </ClInclude>
    <ClInclude Include="..\..\..\include\shaderweaver\node\Floor.h">
      <Filter>nodes\math\round</Filter>
    </ClInclude>
    <ClInclude Include="..\..\..\include\shaderweaver\node\Round.h">
      <Filter>nodes\math\round</Filter>
    </ClInclude>
    <ClInclude Include="..\..\..\include\shaderweaver\node\Sign.h">
      <Filter>nodes\math\round</Filter>
    </ClInclude>
    <ClInclude Include="..\..\..\include\shaderweaver\node\Step.h">
      <Filter>nodes\math\round</Filter>
    </ClInclude>
    <ClInclude Include="..\..\..\include\shaderweaver\node\Truncate.h">
      <Filter>nodes\math\round</Filter>
    </ClInclude>
    <ClInclude Include="..\..\..\include\shaderweaver\node\Arccosine.h">
      <Filter>nodes\math\trigonometry</Filter>
    </ClInclude>
    <ClInclude Include="..\..\..\include\shaderweaver\node\Arcsine.h">
      <Filter>nodes\math\trigonometry</Filter>
    </ClInclude>
    <ClInclude Include="..\..\..\include\shaderweaver\node\Arctangent.h">
      <Filter>nodes\math\trigonometry</Filter>
    </ClInclude>
    <ClInclude Include="..\..\..\include\shaderweaver\node\Arctangent2.h">
      <Filter>nodes\math\trigonometry</Filter>
    </ClInclude>
    <ClInclude Include="..\..\..\include\shaderweaver\node\Cosine.h">
      <Filter>nodes\math\trigonometry</Filter>
    </ClInclude>
    <ClInclude Include="..\..\..\include\shaderweaver\node\DegreesToRadians.h">
      <Filter>nodes\math\trigonometry</Filter>
    </ClInclude>
    <ClInclude Include="..\..\..\include\shaderweaver\node\HyperbolicCosine.h">
      <Filter>nodes\math\trigonometry</Filter>
    </ClInclude>
    <ClInclude Include="..\..\..\include\shaderweaver\node\HyperbolicSine.h">
      <Filter>nodes\math\trigonometry</Filter>
    </ClInclude>
    <ClInclude Include="..\..\..\include\shaderweaver\node\HyperbolicTangent.h">
      <Filter>nodes\math\trigonometry</Filter>
    </ClInclude>
    <ClInclude Include="..\..\..\include\shaderweaver\node\RadiansToDegrees.h">
      <Filter>nodes\math\trigonometry</Filter>
    </ClInclude>
    <ClInclude Include="..\..\..\include\shaderweaver\node\Sine.h">
      <Filter>nodes\math\trigonometry</Filter>
    </ClInclude>
    <ClInclude Include="..\..\..\include\shaderweaver\node\Tangent.h">
      <Filter>nodes\math\trigonometry</Filter>
    </ClInclude>
    <ClInclude Include="..\..\..\include\shaderweaver\node\CrossProduct.h">
      <Filter>nodes\math\vector</Filter>
    </ClInclude>
    <ClInclude Include="..\..\..\include\shaderweaver\node\Distance.h">
      <Filter>nodes\math\vector</Filter>
    </ClInclude>
    <ClInclude Include="..\..\..\include\shaderweaver\node\DotProduct.h">
      <Filter>nodes\math\vector</Filter>
    </ClInclude>
    <ClInclude Include="..\..\..\include\shaderweaver\node\Projection.h">
      <Filter>nodes\math\vector</Filter>
    </ClInclude>
    <ClInclude Include="..\..\..\include\shaderweaver\node\Rejection.h">
      <Filter>nodes\math\vector</Filter>
    </ClInclude>
    <ClInclude Include="..\..\..\include\shaderweaver\node\Contrast.h">
      <Filter>nodes\artistic\adjustment</Filter>
    </ClInclude>
    <ClInclude Include="..\..\..\include\shaderweaver\node\Hue.h">
      <Filter>nodes\artistic\adjustment</Filter>
    </ClInclude>
    <ClInclude Include="..\..\..\include\shaderweaver\node\InvertColors.h">
      <Filter>nodes\artistic\adjustment</Filter>
    </ClInclude>
    <ClInclude Include="..\..\..\include\shaderweaver\node\Saturation.h">
      <Filter>nodes\artistic\adjustment</Filter>
    </ClInclude>
    <ClInclude Include="..\..\..\include\shaderweaver\node\WhiteBalance.h">
      <Filter>nodes\artistic\adjustment</Filter>
    </ClInclude>
    <ClInclude Include="..\..\..\include\shaderweaver\node\NormalBlend.h">
      <Filter>nodes\artistic\normal</Filter>
    </ClInclude>
    <ClInclude Include="..\..\..\include\shaderweaver\node\NormalCreate.h">
      <Filter>nodes\artistic\normal</Filter>
    </ClInclude>
    <ClInclude Include="..\..\..\include\shaderweaver\node\NormalStrength.h">
      <Filter>nodes\artistic\normal</Filter>
    </ClInclude>
    <ClInclude Include="..\..\..\include\shaderweaver\node\NormalUnpack.h">
      <Filter>nodes\artistic\normal</Filter>
    </ClInclude>
    <ClInclude Include="..\..\..\include\shaderweaver\node\ColorspaceConversion.h">
      <Filter>nodes\artistic\utility</Filter>
    </ClInclude>
    <ClInclude Include="..\..\..\include\shaderweaver\node\Raymarching.h">
      <Filter>nodes\master</Filter>
    </ClInclude>
    <ClInclude Include="..\..\..\include\shaderweaver\node\SampleTex3D.h">
      <Filter>nodes\input\texture</Filter>
    </ClInclude>
    <ClInclude Include="..\..\..\include\shaderweaver\Evaluator.h">
      <Filter>eval</Filter>
    </ClInclude>
    <ClInclude Include="..\..\..\include\shaderweaver\ShaderWeaver.h" />
    <ClInclude Include="..\..\..\include\shaderweaver\node\Sphere.h">
      <Filter>nodes\sdf\primitive</Filter>
    </ClInclude>
    <ClInclude Include="..\..\..\include\shaderweaver\node\Torus.h">
      <Filter>nodes\sdf\primitive</Filter>
    </ClInclude>
    <ClInclude Include="..\..\..\include\shaderweaver\node\PhongIllumination.h">
      <Filter>nodes\sdf\render</Filter>
    </ClInclude>
    <ClInclude Include="..\..\..\include\shaderweaver\node\EstimateNormal.h">
      <Filter>nodes\sdf\render</Filter>
    </ClInclude>
    <ClInclude Include="..\..\..\include\shaderweaver\node\SDF.h">
      <Filter>nodes\sdf\utility</Filter>
    </ClInclude>
    <ClInclude Include="..\..\..\include\shaderweaver\node\Union.h">
      <Filter>nodes\sdf\operator</Filter>
    </ClInclude>
    <ClInclude Include="..\..\..\include\shaderweaver\node\Subtraction.h">
      <Filter>nodes\sdf\operator</Filter>
    </ClInclude>
    <ClInclude Include="..\..\..\include\shaderweaver\node\Intersection.h">
      <Filter>nodes\sdf\operator</Filter>
    </ClInclude>
    <ClInclude Include="..\..\..\include\shaderweaver\node\Box.h">
      <Filter>nodes\sdf\primitive</Filter>
    </ClInclude>
    <ClInclude Include="..\..\..\include\shaderweaver\node\Custom.h">
      <Filter>nodes\tools</Filter>
    </ClInclude>
  </ItemGroup>
  <ItemGroup>
    <ClCompile Include="..\..\..\source\Node.cpp">
      <Filter>dataset\node</Filter>
    </ClCompile>
    <ClCompile Include="..\..\..\source\NodeHelper.cpp">
      <Filter>dataset\node</Filter>
    </ClCompile>
    <ClCompile Include="..\..\..\source\NodeIDMgr.cpp">
      <Filter>dataset\node</Filter>
    </ClCompile>
    <ClCompile Include="..\..\..\source\Variable.cpp">
      <Filter>dataset\var</Filter>
    </ClCompile>
    <ClCompile Include="..\..\..\source\VariableType.cpp">
      <Filter>dataset\var</Filter>
    </ClCompile>
    <ClCompile Include="..\..\..\source\Evaluator.cpp">
      <Filter>eval</Filter>
    </ClCompile>
    <ClCompile Include="..\..\..\source\RegistRTTR.cpp" />
    <ClCompile Include="..\..\..\source\ShaderWeaver.cpp" />
  </ItemGroup>
</Project>